<?xml version="1.0" encoding="utf-8"?>
<Project ToolsVersion="4.0" xmlns="http://schemas.microsoft.com/developer/msbuild/2003">
  <ItemGroup>
    <Filter Include="include">
      <UniqueIdentifier>{6443d402-d795-4f53-8740-be68ed166d52}</UniqueIdentifier>
    </Filter>
    <Filter Include="util">
      <UniqueIdentifier>{d5a26a97-8377-4e09-b771-9ed41a4d1c01}</UniqueIdentifier>
    </Filter>
  </ItemGroup>
  <ItemGroup>
    <ClInclude Include="logging.h">
      <Filter>include</Filter>
    </ClInclude>
    <ClInclude Include="util.h">
      <Filter>util</Filter>
    </ClInclude>
    <ClInclude Include="safequeue.h">
      <Filter>util</Filter>
    </ClInclude>
    <ClInclude Include="worker.h">
      <Filter>util</Filter>
    </ClInclude>
  </ItemGroup>
  <ItemGroup>
    <ClCompile Include="logging.cpp" />
    <ClCompile Include="worker.cpp">
      <Filter>util</Filter>
    </ClCompile>
  </ItemGroup>
</Project>